<Solution>
  <Configurations>
    <Platform Name="Any CPU" />
    <Platform Name="x64" />
    <Platform Name="x86" />
  </Configurations>
  <Project Path="ConsoleApp/ConsoleApp.csproj">
    <Platform Solution="Debug|x64" Project="x64" />
  </Project>
  <Project Path="NativeLib/NativeLib.vcxproj" />
</Solution>
